// !$*UTF8*$!
{
	archiveVersion = 1;
	classes = {
	};
	objectVersion = 56;
	objects = {

/* Begin PBXBuildFile section */
		278976CB2B55FF3D009ABCBF /* Assets.xcassets in Resources */ = {isa = PBXBuildFile; fileRef = 278976CA2B55FF3D009ABCBF /* Assets.xcassets */; };
		278976CE2B55FF3D009ABCBF /* Preview Assets.xcassets in Resources */ = {isa = PBXBuildFile; fileRef = 278976CD2B55FF3D009ABCBF /* Preview Assets.xcassets */; };
		278976EE2B5F2AF9009ABCBF /* PantryItemView.swift in Sources */ = {isa = PBXBuildFile; fileRef = 278976ED2B5F2AF9009ABCBF /* PantryItemView.swift */; };
		278976F02B5F2B95009ABCBF /* RecipeCardView.swift in Sources */ = {isa = PBXBuildFile; fileRef = 278976EF2B5F2B95009ABCBF /* RecipeCardView.swift */; };
		278976F22B5F2BAB009ABCBF /* HomeView.swift in Sources */ = {isa = PBXBuildFile; fileRef = 278976F12B5F2BAB009ABCBF /* HomeView.swift */; };
		278976F42B5F2BBD009ABCBF /* PantryItem.swift in Sources */ = {isa = PBXBuildFile; fileRef = 278976F32B5F2BBD009ABCBF /* PantryItem.swift */; };
		278976F62B5F2DBF009ABCBF /* ProgressBarView.swift in Sources */ = {isa = PBXBuildFile; fileRef = 278976F52B5F2DBF009ABCBF /* ProgressBarView.swift */; };
		278976F82B5F2FCF009ABCBF /* Main.swift in Sources */ = {isa = PBXBuildFile; fileRef = 278976F72B5F2FCF009ABCBF /* Main.swift */; };
		278976FC2B61FC1B009ABCBF /* SideMenuView.swift in Sources */ = {isa = PBXBuildFile; fileRef = 278976FB2B61FC1B009ABCBF /* SideMenuView.swift */; };
		278977002B627BA0009ABCBF /* DetailedStockView.swift in Sources */ = {isa = PBXBuildFile; fileRef = 278976FF2B627BA0009ABCBF /* DetailedStockView.swift */; };
/* End PBXBuildFile section */

/* Begin PBXFileReference section */
		278976C32B55FF3B009ABCBF /* Paper Bag.app */ = {isa = PBXFileReference; explicitFileType = wrapper.application; includeInIndex = 0; path = "Paper Bag.app"; sourceTree = BUILT_PRODUCTS_DIR; };
		278976CA2B55FF3D009ABCBF /* Assets.xcassets */ = {isa = PBXFileReference; lastKnownFileType = folder.assetcatalog; path = Assets.xcassets; sourceTree = "<group>"; };
		278976CD2B55FF3D009ABCBF /* Preview Assets.xcassets */ = {isa = PBXFileReference; lastKnownFileType = folder.assetcatalog; path = "Preview Assets.xcassets"; sourceTree = "<group>"; };
		278976ED2B5F2AF9009ABCBF /* PantryItemView.swift */ = {isa = PBXFileReference; lastKnownFileType = sourcecode.swift; path = PantryItemView.swift; sourceTree = "<group>"; };
		278976EF2B5F2B95009ABCBF /* RecipeCardView.swift */ = {isa = PBXFileReference; lastKnownFileType = sourcecode.swift; path = RecipeCardView.swift; sourceTree = "<group>"; };
		278976F12B5F2BAB009ABCBF /* HomeView.swift */ = {isa = PBXFileReference; lastKnownFileType = sourcecode.swift; path = HomeView.swift; sourceTree = "<group>"; };
		278976F32B5F2BBD009ABCBF /* PantryItem.swift */ = {isa = PBXFileReference; lastKnownFileType = sourcecode.swift; path = PantryItem.swift; sourceTree = "<group>"; };
		278976F52B5F2DBF009ABCBF /* ProgressBarView.swift */ = {isa = PBXFileReference; lastKnownFileType = sourcecode.swift; path = ProgressBarView.swift; sourceTree = "<group>"; };
		278976F72B5F2FCF009ABCBF /* Main.swift */ = {isa = PBXFileReference; lastKnownFileType = sourcecode.swift; path = Main.swift; sourceTree = "<group>"; };
		278976FB2B61FC1B009ABCBF /* SideMenuView.swift */ = {isa = PBXFileReference; lastKnownFileType = sourcecode.swift; path = SideMenuView.swift; sourceTree = "<group>"; };
		278976FF2B627BA0009ABCBF /* DetailedStockView.swift */ = {isa = PBXFileReference; lastKnownFileType = sourcecode.swift; path = DetailedStockView.swift; sourceTree = "<group>"; };
/* End PBXFileReference section */

/* Begin PBXFrameworksBuildPhase section */
		278976C02B55FF3B009ABCBF /* Frameworks */ = {
			isa = PBXFrameworksBuildPhase;
			buildActionMask = 2147483647;
			files = (
			);
			runOnlyForDeploymentPostprocessing = 0;
		};
/* End PBXFrameworksBuildPhase section */

/* Begin PBXGroup section */
		278976BA2B55FF3B009ABCBF = {
			isa = PBXGroup;
			children = (
				278976C52B55FF3B009ABCBF /* Paper Bag */,
				278976C42B55FF3B009ABCBF /* Products */,
			);
			sourceTree = "<group>";
		};
		278976C42B55FF3B009ABCBF /* Products */ = {
			isa = PBXGroup;
			children = (
				278976C32B55FF3B009ABCBF /* Paper Bag.app */,
			);
			name = Products;
			sourceTree = "<group>";
		};
		278976C52B55FF3B009ABCBF /* Paper Bag */ = {
			isa = PBXGroup;
			children = (
				278976ED2B5F2AF9009ABCBF /* PantryItemView.swift */,
				278976EF2B5F2B95009ABCBF /* RecipeCardView.swift */,
				278976F12B5F2BAB009ABCBF /* HomeView.swift */,
				278976FF2B627BA0009ABCBF /* DetailedStockView.swift */,
				278976FB2B61FC1B009ABCBF /* SideMenuView.swift */,
				278976F72B5F2FCF009ABCBF /* Main.swift */,
				278976F52B5F2DBF009ABCBF /* ProgressBarView.swift */,
				278976F32B5F2BBD009ABCBF /* PantryItem.swift */,
				278976CA2B55FF3D009ABCBF /* Assets.xcassets */,
				278976CC2B55FF3D009ABCBF /* Preview Content */,
			);
			path = "Paper Bag";
			sourceTree = "<group>";
		};
		278976CC2B55FF3D009ABCBF /* Preview Content */ = {
			isa = PBXGroup;
			children = (
				278976CD2B55FF3D009ABCBF /* Preview Assets.xcassets */,
			);
			path = "Preview Content";
			sourceTree = "<group>";
		};
/* End PBXGroup section */

/* Begin PBXNativeTarget section */
		278976C22B55FF3B009ABCBF /* Paper Bag */ = {
			isa = PBXNativeTarget;
			buildConfigurationList = 278976D12B55FF3D009ABCBF /* Build configuration list for PBXNativeTarget "Paper Bag" */;
			buildPhases = (
				278976BF2B55FF3B009ABCBF /* Sources */,
				278976C02B55FF3B009ABCBF /* Frameworks */,
				278976C12B55FF3B009ABCBF /* Resources */,
			);
			buildRules = (
			);
			dependencies = (
			);
			name = "Paper Bag";
			productName = "Paper Bag";
			productReference = 278976C32B55FF3B009ABCBF /* Paper Bag.app */;
			productType = "com.apple.product-type.application";
		};
/* End PBXNativeTarget section */

/* Begin PBXProject section */
		278976BB2B55FF3B009ABCBF /* Project object */ = {
			isa = PBXProject;
			attributes = {
				BuildIndependentTargetsInParallel = 1;
				LastSwiftUpdateCheck = 1520;
				LastUpgradeCheck = 1520;
				TargetAttributes = {
					278976C22B55FF3B009ABCBF = {
						CreatedOnToolsVersion = 15.2;
						LastSwiftMigration = 1520;
					};
				};
			};
			buildConfigurationList = 278976BE2B55FF3B009ABCBF /* Build configuration list for PBXProject "Paper Bag" */;
			compatibilityVersion = "Xcode 14.0";
			developmentRegion = en;
			hasScannedForEncodings = 0;
			knownRegions = (
				en,
				Base,
			);
			mainGroup = 278976BA2B55FF3B009ABCBF;
			productRefGroup = 278976C42B55FF3B009ABCBF /* Products */;
			projectDirPath = "";
			projectRoot = "";
			targets = (
				278976C22B55FF3B009ABCBF /* Paper Bag */,
			);
		};
/* End PBXProject section */

/* Begin PBXResourcesBuildPhase section */
		278976C12B55FF3B009ABCBF /* Resources */ = {
			isa = PBXResourcesBuildPhase;
			buildActionMask = 2147483647;
			files = (
				278976CE2B55FF3D009ABCBF /* Preview Assets.xcassets in Resources */,
				278976CB2B55FF3D009ABCBF /* Assets.xcassets in Resources */,
			);
			runOnlyForDeploymentPostprocessing = 0;
		};
/* End PBXResourcesBuildPhase section */

/* Begin PBXSourcesBuildPhase section */
		278976BF2B55FF3B009ABCBF /* Sources */ = {
			isa = PBXSourcesBuildPhase;
			buildActionMask = 2147483647;
			files = (
				278976F82B5F2FCF009ABCBF /* Main.swift in Sources */,
				278976F42B5F2BBD009ABCBF /* PantryItem.swift in Sources */,
				278976F02B5F2B95009ABCBF /* RecipeCardView.swift in Sources */,
				278976FC2B61FC1B009ABCBF /* SideMenuView.swift in Sources */,
				278976EE2B5F2AF9009ABCBF /* PantryItemView.swift in Sources */,
				278977002B627BA0009ABCBF /* DetailedStockView.swift in Sources */,
				278976F22B5F2BAB009ABCBF /* HomeView.swift in Sources */,
				278976F62B5F2DBF009ABCBF /* ProgressBarView.swift in Sources */,
			);
			runOnlyForDeploymentPostprocessing = 0;
		};
/* End PBXSourcesBuildPhase section */

/* Begin XCBuildConfiguration section */
		278976CF2B55FF3D009ABCBF /* Debug */ = {
			isa = XCBuildConfiguration;
			buildSettings = {
				ALWAYS_SEARCH_USER_PATHS = NO;
				ASSETCATALOG_COMPILER_GENERATE_SWIFT_ASSET_SYMBOL_EXTENSIONS = YES;
				CLANG_ANALYZER_NONNULL = YES;
				CLANG_ANALYZER_NUMBER_OBJECT_CONVERSION = YES_AGGRESSIVE;
				CLANG_CXX_LANGUAGE_STANDARD = "gnu++20";
				CLANG_ENABLE_MODULES = YES;
				CLANG_ENABLE_OBJC_ARC = YES;
				CLANG_ENABLE_OBJC_WEAK = YES;
				CLANG_WARN_BLOCK_CAPTURE_AUTORELEASING = YES;
				CLANG_WARN_BOOL_CONVERSION = YES;
				CLANG_WARN_COMMA = YES;
				CLANG_WARN_CONSTANT_CONVERSION = YES;
				CLANG_WARN_DEPRECATED_OBJC_IMPLEMENTATIONS = YES;
				CLANG_WARN_DIRECT_OBJC_ISA_USAGE = YES_ERROR;
				CLANG_WARN_DOCUMENTATION_COMMENTS = YES;
				CLANG_WARN_EMPTY_BODY = YES;
				CLANG_WARN_ENUM_CONVERSION = YES;
				CLANG_WARN_INFINITE_RECURSION = YES;
				CLANG_WARN_INT_CONVERSION = YES;
				CLANG_WARN_NON_LITERAL_NULL_CONVERSION = YES;
				CLANG_WARN_OBJC_IMPLICIT_RETAIN_SELF = YES;
				CLANG_WARN_OBJC_LITERAL_CONVERSION = YES;
				CLANG_WARN_OBJC_ROOT_CLASS = YES_ERROR;
				CLANG_WARN_QUOTED_INCLUDE_IN_FRAMEWORK_HEADER = YES;
				CLANG_WARN_RANGE_LOOP_ANALYSIS = YES;
				CLANG_WARN_STRICT_PROTOTYPES = YES;
				CLANG_WARN_SUSPICIOUS_MOVE = YES;
				CLANG_WARN_UNGUARDED_AVAILABILITY = YES_AGGRESSIVE;
				CLANG_WARN_UNREACHABLE_CODE = YES;
				CLANG_WARN__DUPLICATE_METHOD_MATCH = YES;
				COPY_PHASE_STRIP = NO;
				DEBUG_INFORMATION_FORMAT = dwarf;
				ENABLE_STRICT_OBJC_MSGSEND = YES;
				ENABLE_TESTABILITY = YES;
				ENABLE_USER_SCRIPT_SANDBOXING = YES;
				GCC_C_LANGUAGE_STANDARD = gnu17;
				GCC_DYNAMIC_NO_PIC = NO;
				GCC_NO_COMMON_BLOCKS = YES;
				GCC_OPTIMIZATION_LEVEL = 0;
				GCC_PREPROCESSOR_DEFINITIONS = (
					"DEBUG=1",
					"$(inherited)",
				);
				GCC_WARN_64_TO_32_BIT_CONVERSION = YES;
				GCC_WARN_ABOUT_RETURN_TYPE = YES_ERROR;
				GCC_WARN_UNDECLARED_SELECTOR = YES;
				GCC_WARN_UNINITIALIZED_AUTOS = YES_AGGRESSIVE;
				GCC_WARN_UNUSED_FUNCTION = YES;
				GCC_WARN_UNUSED_VARIABLE = YES;
				IPHONEOS_DEPLOYMENT_TARGET = 17.2;
				LOCALIZATION_PREFERS_STRING_CATALOGS = YES;
				MTL_ENABLE_DEBUG_INFO = INCLUDE_SOURCE;
				MTL_FAST_MATH = YES;
				ONLY_ACTIVE_ARCH = YES;
				SDKROOT = iphoneos;
				SWIFT_ACTIVE_COMPILATION_CONDITIONS = "DEBUG $(inherited)";
				SWIFT_OPTIMIZATION_LEVEL = "-Onone";
			};
			name = Debug;
		};
		278976D02B55FF3D009ABCBF /* Release */ = {
			isa = XCBuildConfiguration;
			buildSettings = {
				ALWAYS_SEARCH_USER_PATHS = NO;
				ASSETCATALOG_COMPILER_GENERATE_SWIFT_ASSET_SYMBOL_EXTENSIONS = YES;
				CLANG_ANALYZER_NONNULL = YES;
				CLANG_ANALYZER_NUMBER_OBJECT_CONVERSION = YES_AGGRESSIVE;
				CLANG_CXX_LANGUAGE_STANDARD = "gnu++20";
				CLANG_ENABLE_MODULES = YES;
				CLANG_ENABLE_OBJC_ARC = YES;
				CLANG_ENABLE_OBJC_WEAK = YES;
				CLANG_WARN_BLOCK_CAPTURE_AUTORELEASING = YES;
				CLANG_WARN_BOOL_CONVERSION = YES;
				CLANG_WARN_COMMA = YES;
				CLANG_WARN_CONSTANT_CONVERSION = YES;
				CLANG_WARN_DEPRECATED_OBJC_IMPLEMENTATIONS = YES;
				CLANG_WARN_DIRECT_OBJC_ISA_USAGE = YES_ERROR;
				CLANG_WARN_DOCUMENTATION_COMMENTS = YES;
				CLANG_WARN_EMPTY_BODY = YES;
				CLANG_WARN_ENUM_CONVERSION = YES;
				CLANG_WARN_INFINITE_RECURSION = YES;
				CLANG_WARN_INT_CONVERSION = YES;
				CLANG_WARN_NON_LITERAL_NULL_CONVERSION = YES;
				CLANG_WARN_OBJC_IMPLICIT_RETAIN_SELF = YES;
				CLANG_WARN_OBJC_LITERAL_CONVERSION = YES;
				CLANG_WARN_OBJC_ROOT_CLASS = YES_ERROR;
				CLANG_WARN_QUOTED_INCLUDE_IN_FRAMEWORK_HEADER = YES;
				CLANG_WARN_RANGE_LOOP_ANALYSIS = YES;
				CLANG_WARN_STRICT_PROTOTYPES = YES;
				CLANG_WARN_SUSPICIOUS_MOVE = YES;
				CLANG_WARN_UNGUARDED_AVAILABILITY = YES_AGGRESSIVE;
				CLANG_WARN_UNREACHABLE_CODE = YES;
				CLANG_WARN__DUPLICATE_METHOD_MATCH = YES;
				COPY_PHASE_STRIP = NO;
				DEBUG_INFORMATION_FORMAT = "dwarf-with-dsym";
				ENABLE_NS_ASSERTIONS = NO;
				ENABLE_STRICT_OBJC_MSGSEND = YES;
				ENABLE_USER_SCRIPT_SANDBOXING = YES;
				GCC_C_LANGUAGE_STANDARD = gnu17;
				GCC_NO_COMMON_BLOCKS = YES;
				GCC_WARN_64_TO_32_BIT_CONVERSION = YES;
				GCC_WARN_ABOUT_RETURN_TYPE = YES_ERROR;
				GCC_WARN_UNDECLARED_SELECTOR = YES;
				GCC_WARN_UNINITIALIZED_AUTOS = YES_AGGRESSIVE;
				GCC_WARN_UNUSED_FUNCTION = YES;
				GCC_WARN_UNUSED_VARIABLE = YES;
				IPHONEOS_DEPLOYMENT_TARGET = 17.2;
				LOCALIZATION_PREFERS_STRING_CATALOGS = YES;
				MTL_ENABLE_DEBUG_INFO = NO;
				MTL_FAST_MATH = YES;
				SDKROOT = iphoneos;
				SWIFT_COMPILATION_MODE = wholemodule;
				VALIDATE_PRODUCT = YES;
			};
			name = Release;
		};
		278976D22B55FF3D009ABCBF /* Debug */ = {
			isa = XCBuildConfiguration;
			buildSettings = {
				ASSETCATALOG_COMPILER_APPICON_NAME = AppIcon;
				ASSETCATALOG_COMPILER_GLOBAL_ACCENT_COLOR_NAME = AccentColor;
				CLANG_ENABLE_MODULES = YES;
				CODE_SIGN_STYLE = Automatic;
				CURRENT_PROJECT_VERSION = 1;
				DEVELOPMENT_ASSET_PATHS = "\"Paper Bag/Preview Content\"";
				DEVELOPMENT_TEAM = RW28UH4N8Z;
				ENABLE_PREVIEWS = YES;
				GENERATE_INFOPLIST_FILE = YES;
				INFOPLIST_KEY_UIApplicationSceneManifest_Generation = YES;
				INFOPLIST_KEY_UIApplicationSupportsIndirectInputEvents = YES;
				INFOPLIST_KEY_UILaunchScreen_Generation = YES;
				INFOPLIST_KEY_UISupportedInterfaceOrientations_iPad = "UIInterfaceOrientationPortrait UIInterfaceOrientationPortraitUpsideDown UIInterfaceOrientationLandscapeLeft UIInterfaceOrientationLandscapeRight";
				INFOPLIST_KEY_UISupportedInterfaceOrientations_iPhone = "UIInterfaceOrientationPortrait UIInterfaceOrientationLandscapeLeft UIInterfaceOrientationLandscapeRight";
				LD_RUNPATH_SEARCH_PATHS = (
					"$(inherited)",
					"@executable_path/Frameworks",
				);
				MARKETING_VERSION = 1.0;
				PRODUCT_BUNDLE_IDENTIFIER = "personal.test.Paper-Bag";
				PRODUCT_NAME = "$(TARGET_NAME)";
				SWIFT_EMIT_LOC_STRINGS = YES;
				SWIFT_OBJC_BRIDGING_HEADER = "Paper Bag/Paper Bag-Bridging-Header.h";
				SWIFT_OPTIMIZATION_LEVEL = "-Onone";
				SWIFT_VERSION = 5.0;
				TARGETED_DEVICE_FAMILY = "1,2";
			};
			name = Debug;
		};
		278976D32B55FF3D009ABCBF /* Release */ = {
			isa = XCBuildConfiguration;
			buildSettings = {
				ASSETCATALOG_COMPILER_APPICON_NAME = AppIcon;
				ASSETCATALOG_COMPILER_GLOBAL_ACCENT_COLOR_NAME = AccentColor;
				CLANG_ENABLE_MODULES = YES;
				CODE_SIGN_STYLE = Automatic;
				CURRENT_PROJECT_VERSION = 1;
				DEVELOPMENT_ASSET_PATHS = "\"Paper Bag/Preview Content\"";
				DEVELOPMENT_TEAM = RW28UH4N8Z;
				ENABLE_PREVIEWS = YES;
				GENERATE_INFOPLIST_FILE = YES;
				INFOPLIST_KEY_UIApplicationSceneManifest_Generation = YES;
				INFOPLIST_KEY_UIApplicationSupportsIndirectInputEvents = YES;
				INFOPLIST_KEY_UILaunchScreen_Generation = YES;
				INFOPLIST_KEY_UISupportedInterfaceOrientations_iPad = "UIInterfaceOrientationPortrait UIInterfaceOrientationPortraitUpsideDown UIInterfaceOrientationLandscapeLeft UIInterfaceOrientationLandscapeRight";
				INFOPLIST_KEY_UISupportedInterfaceOrientations_iPhone = "UIInterfaceOrientationPortrait UIInterfaceOrientationLandscapeLeft UIInterfaceOrientationLandscapeRight";
				LD_RUNPATH_SEARCH_PATHS = (
					"$(inherited)",
					"@executable_path/Frameworks",
				);
				MARKETING_VERSION = 1.0;
				PRODUCT_BUNDLE_IDENTIFIER = "personal.test.Paper-Bag";
				PRODUCT_NAME = "$(TARGET_NAME)";
				SWIFT_EMIT_LOC_STRINGS = YES;
				SWIFT_OBJC_BRIDGING_HEADER = "Paper Bag/Paper Bag-Bridging-Header.h";
				SWIFT_VERSION = 5.0;
				TARGETED_DEVICE_FAMILY = "1,2";
			};
			name = Release;
		};
/* End XCBuildConfiguration section */

/* Begin XCConfigurationList section */
		278976BE2B55FF3B009ABCBF /* Build configuration list for PBXProject "Paper Bag" */ = {
			isa = XCConfigurationList;
			buildConfigurations = (
				278976CF2B55FF3D009ABCBF /* Debug */,
				278976D02B55FF3D009ABCBF /* Release */,
			);
			defaultConfigurationIsVisible = 0;
			defaultConfigurationName = Release;
		};
		278976D12B55FF3D009ABCBF /* Build configuration list for PBXNativeTarget "Paper Bag" */ = {
			isa = XCConfigurationList;
			buildConfigurations = (
				278976D22B55FF3D009ABCBF /* Debug */,
				278976D32B55FF3D009ABCBF /* Release */,
			);
			defaultConfigurationIsVisible = 0;
			defaultConfigurationName = Release;
		};
/* End XCConfigurationList section */
	};
	rootObject = 278976BB2B55FF3B009ABCBF /* Project object */;
}
